// !$*UTF8*$!
{
	archiveVersion = 1;
	classes = {
	};
	objectVersion = 46;
	objects = {

/* Begin PBXBuildFile section */
		5CB85D8E1BFDE144007FE063 /* AppDelegate.swift in Sources */ = {isa = PBXBuildFile; fileRef = 5CB85D8D1BFDE144007FE063 /* AppDelegate.swift */; };
		5CB85D901BFDE144007FE063 /* ViewController.swift in Sources */ = {isa = PBXBuildFile; fileRef = 5CB85D8F1BFDE144007FE063 /* ViewController.swift */; };
		5CB85D931BFDE144007FE063 /* Main.storyboard in Resources */ = {isa = PBXBuildFile; fileRef = 5CB85D911BFDE144007FE063 /* Main.storyboard */; };
		5CB85D951BFDE144007FE063 /* Assets.xcassets in Resources */ = {isa = PBXBuildFile; fileRef = 5CB85D941BFDE144007FE063 /* Assets.xcassets */; };
		5CB85D981BFDE144007FE063 /* LaunchScreen.storyboard in Resources */ = {isa = PBXBuildFile; fileRef = 5CB85D961BFDE144007FE063 /* LaunchScreen.storyboard */; };
		5CB85DA31BFDE144007FE063 /* Test3DLayerTests.swift in Sources */ = {isa = PBXBuildFile; fileRef = 5CB85DA21BFDE144007FE063 /* Test3DLayerTests.swift */; };
		5CB85DAE1BFDE144007FE063 /* Test3DLayerUITests.swift in Sources */ = {isa = PBXBuildFile; fileRef = 5CB85DAD1BFDE144007FE063 /* Test3DLayerUITests.swift */; };
/* End PBXBuildFile section */

/* Begin PBXContainerItemProxy section */
		5CB85D9F1BFDE144007FE063 /* PBXContainerItemProxy */ = {
			isa = PBXContainerItemProxy;
			containerPortal = 5CB85D821BFDE144007FE063 /* Project object */;
			proxyType = 1;
			remoteGlobalIDString = 5CB85D891BFDE144007FE063;
			remoteInfo = Test3DLayer;
		};
		5CB85DAA1BFDE144007FE063 /* PBXContainerItemProxy */ = {
			isa = PBXContainerItemProxy;
			containerPortal = 5CB85D821BFDE144007FE063 /* Project object */;
			proxyType = 1;
			remoteGlobalIDString = 5CB85D891BFDE144007FE063;
			remoteInfo = Test3DLayer;
		};
/* End PBXContainerItemProxy section */

/* Begin PBXFileReference section */
		5CB85D8A1BFDE144007FE063 /* Test3DLayer.app */ = {isa = PBXFileReference; explicitFileType = wrapper.application; includeInIndex = 0; path = Test3DLayer.app; sourceTree = BUILT_PRODUCTS_DIR; };
		5CB85D8D1BFDE144007FE063 /* AppDelegate.swift */ = {isa = PBXFileReference; lastKnownFileType = sourcecode.swift; path = AppDelegate.swift; sourceTree = "<group>"; };
		5CB85D8F1BFDE144007FE063 /* ViewController.swift */ = {isa = PBXFileReference; lastKnownFileType = sourcecode.swift; path = ViewController.swift; sourceTree = "<group>"; };
		5CB85D921BFDE144007FE063 /* Base */ = {isa = PBXFileReference; lastKnownFileType = file.storyboard; name = Base; path = Base.lproj/Main.storyboard; sourceTree = "<group>"; };
		5CB85D941BFDE144007FE063 /* Assets.xcassets */ = {isa = PBXFileReference; lastKnownFileType = folder.assetcatalog; path = Assets.xcassets; sourceTree = "<group>"; };
		5CB85D971BFDE144007FE063 /* Base */ = {isa = PBXFileReference; lastKnownFileType = file.storyboard; name = Base; path = Base.lproj/LaunchScreen.storyboard; sourceTree = "<group>"; };
		5CB85D991BFDE144007FE063 /* Info.plist */ = {isa = PBXFileReference; lastKnownFileType = text.plist.xml; path = Info.plist; sourceTree = "<group>"; };
		5CB85D9E1BFDE144007FE063 /* Test3DLayerTests.xctest */ = {isa = PBXFileReference; explicitFileType = wrapper.cfbundle; includeInIndex = 0; path = Test3DLayerTests.xctest; sourceTree = BUILT_PRODUCTS_DIR; };
		5CB85DA21BFDE144007FE063 /* Test3DLayerTests.swift */ = {isa = PBXFileReference; lastKnownFileType = sourcecode.swift; path = Test3DLayerTests.swift; sourceTree = "<group>"; };
		5CB85DA41BFDE144007FE063 /* Info.plist */ = {isa = PBXFileReference; lastKnownFileType = text.plist.xml; path = Info.plist; sourceTree = "<group>"; };
		5CB85DA91BFDE144007FE063 /* Test3DLayerUITests.xctest */ = {isa = PBXFileReference; explicitFileType = wrapper.cfbundle; includeInIndex = 0; path = Test3DLayerUITests.xctest; sourceTree = BUILT_PRODUCTS_DIR; };
		5CB85DAD1BFDE144007FE063 /* Test3DLayerUITests.swift */ = {isa = PBXFileReference; lastKnownFileType = sourcecode.swift; path = Test3DLayerUITests.swift; sourceTree = "<group>"; };
		5CB85DAF1BFDE144007FE063 /* Info.plist */ = {isa = PBXFileReference; lastKnownFileType = text.plist.xml; path = Info.plist; sourceTree = "<group>"; };
/* End PBXFileReference section */

/* Begin PBXFrameworksBuildPhase section */
		5CB85D871BFDE144007FE063 /* Frameworks */ = {
			isa = PBXFrameworksBuildPhase;
			buildActionMask = 2147483647;
			files = (
			);
			runOnlyForDeploymentPostprocessing = 0;
		};
		5CB85D9B1BFDE144007FE063 /* Frameworks */ = {
			isa = PBXFrameworksBuildPhase;
			buildActionMask = 2147483647;
			files = (
			);
			runOnlyForDeploymentPostprocessing = 0;
		};
		5CB85DA61BFDE144007FE063 /* Frameworks */ = {
			isa = PBXFrameworksBuildPhase;
			buildActionMask = 2147483647;
			files = (
			);
			runOnlyForDeploymentPostprocessing = 0;
		};
/* End PBXFrameworksBuildPhase section */

/* Begin PBXGroup section */
		5CB85D811BFDE144007FE063 = {
			isa = PBXGroup;
			children = (
				5CB85D8C1BFDE144007FE063 /* Test3DLayer */,
				5CB85DA11BFDE144007FE063 /* Test3DLayerTests */,
				5CB85DAC1BFDE144007FE063 /* Test3DLayerUITests */,
				5CB85D8B1BFDE144007FE063 /* Products */,
			);
			sourceTree = "<group>";
		};
		5CB85D8B1BFDE144007FE063 /* Products */ = {
			isa = PBXGroup;
			children = (
				5CB85D8A1BFDE144007FE063 /* Test3DLayer.app */,
				5CB85D9E1BFDE144007FE063 /* Test3DLayerTests.xctest */,
				5CB85DA91BFDE144007FE063 /* Test3DLayerUITests.xctest */,
			);
			name = Products;
			sourceTree = "<group>";
		};
		5CB85D8C1BFDE144007FE063 /* Test3DLayer */ = {
			isa = PBXGroup;
			children = (
				5CB85D8D1BFDE144007FE063 /* AppDelegate.swift */,
				5CB85D8F1BFDE144007FE063 /* ViewController.swift */,
				5CB85D911BFDE144007FE063 /* Main.storyboard */,
				5CB85D941BFDE144007FE063 /* Assets.xcassets */,
				5CB85D961BFDE144007FE063 /* LaunchScreen.storyboard */,
				5CB85D991BFDE144007FE063 /* Info.plist */,
			);
			path = Test3DLayer;
			sourceTree = "<group>";
		};
		5CB85DA11BFDE144007FE063 /* Test3DLayerTests */ = {
			isa = PBXGroup;
			children = (
				5CB85DA21BFDE144007FE063 /* Test3DLayerTests.swift */,
				5CB85DA41BFDE144007FE063 /* Info.plist */,
			);
			path = Test3DLayerTests;
			sourceTree = "<group>";
		};
		5CB85DAC1BFDE144007FE063 /* Test3DLayerUITests */ = {
			isa = PBXGroup;
			children = (
				5CB85DAD1BFDE144007FE063 /* Test3DLayerUITests.swift */,
				5CB85DAF1BFDE144007FE063 /* Info.plist */,
			);
			path = Test3DLayerUITests;
			sourceTree = "<group>";
		};
/* End PBXGroup section */

/* Begin PBXNativeTarget section */
		5CB85D891BFDE144007FE063 /* Test3DLayer */ = {
			isa = PBXNativeTarget;
			buildConfigurationList = 5CB85DB21BFDE144007FE063 /* Build configuration list for PBXNativeTarget "Test3DLayer" */;
			buildPhases = (
				5CB85D861BFDE144007FE063 /* Sources */,
				5CB85D871BFDE144007FE063 /* Frameworks */,
				5CB85D881BFDE144007FE063 /* Resources */,
			);
			buildRules = (
			);
			dependencies = (
			);
			name = Test3DLayer;
			productName = Test3DLayer;
			productReference = 5CB85D8A1BFDE144007FE063 /* Test3DLayer.app */;
			productType = "com.apple.product-type.application";
		};
		5CB85D9D1BFDE144007FE063 /* Test3DLayerTests */ = {
			isa = PBXNativeTarget;
			buildConfigurationList = 5CB85DB51BFDE144007FE063 /* Build configuration list for PBXNativeTarget "Test3DLayerTests" */;
			buildPhases = (
				5CB85D9A1BFDE144007FE063 /* Sources */,
				5CB85D9B1BFDE144007FE063 /* Frameworks */,
				5CB85D9C1BFDE144007FE063 /* Resources */,
			);
			buildRules = (
			);
			dependencies = (
				5CB85DA01BFDE144007FE063 /* PBXTargetDependency */,
			);
			name = Test3DLayerTests;
			productName = Test3DLayerTests;
			productReference = 5CB85D9E1BFDE144007FE063 /* Test3DLayerTests.xctest */;
			productType = "com.apple.product-type.bundle.unit-test";
		};
		5CB85DA81BFDE144007FE063 /* Test3DLayerUITests */ = {
			isa = PBXNativeTarget;
			buildConfigurationList = 5CB85DB81BFDE144007FE063 /* Build configuration list for PBXNativeTarget "Test3DLayerUITests" */;
			buildPhases = (
				5CB85DA51BFDE144007FE063 /* Sources */,
				5CB85DA61BFDE144007FE063 /* Frameworks */,
				5CB85DA71BFDE144007FE063 /* Resources */,
			);
			buildRules = (
			);
			dependencies = (
				5CB85DAB1BFDE144007FE063 /* PBXTargetDependency */,
			);
			name = Test3DLayerUITests;
			productName = Test3DLayerUITests;
			productReference = 5CB85DA91BFDE144007FE063 /* Test3DLayerUITests.xctest */;
			productType = "com.apple.product-type.bundle.ui-testing";
		};
/* End PBXNativeTarget section */

/* Begin PBXProject section */
		5CB85D821BFDE144007FE063 /* Project object */ = {
			isa = PBXProject;
			attributes = {
				LastSwiftUpdateCheck = 0710;
				LastUpgradeCheck = 0710;
				ORGANIZATIONNAME = "孟兴东";
				TargetAttributes = {
					5CB85D891BFDE144007FE063 = {
						CreatedOnToolsVersion = 7.1.1;
					};
					5CB85D9D1BFDE144007FE063 = {
						CreatedOnToolsVersion = 7.1.1;
						TestTargetID = 5CB85D891BFDE144007FE063;
					};
					5CB85DA81BFDE144007FE063 = {
						CreatedOnToolsVersion = 7.1.1;
						TestTargetID = 5CB85D891BFDE144007FE063;
					};
				};
			};
			buildConfigurationList = 5CB85D851BFDE144007FE063 /* Build configuration list for PBXProject "Test3DLayer" */;
			compatibilityVersion = "Xcode 3.2";
			developmentRegion = English;
			hasScannedForEncodings = 0;
			knownRegions = (
				en,
				Base,
			);
			mainGroup = 5CB85D811BFDE144007FE063;
			productRefGroup = 5CB85D8B1BFDE144007FE063 /* Products */;
			projectDirPath = "";
			projectRoot = "";
			targets = (
				5CB85D891BFDE144007FE063 /* Test3DLayer */,
				5CB85D9D1BFDE144007FE063 /* Test3DLayerTests */,
				5CB85DA81BFDE144007FE063 /* Test3DLayerUITests */,
			);
		};
/* End PBXProject section */

/* Begin PBXResourcesBuildPhase section */
		5CB85D881BFDE144007FE063 /* Resources */ = {
			isa = PBXResourcesBuildPhase;
			buildActionMask = 2147483647;
			files = (
				5CB85D981BFDE144007FE063 /* LaunchScreen.storyboard in Resources */,
				5CB85D951BFDE144007FE063 /* Assets.xcassets in Resources */,
				5CB85D931BFDE144007FE063 /* Main.storyboard in Resources */,
			);
			runOnlyForDeploymentPostprocessing = 0;
		};
		5CB85D9C1BFDE144007FE063 /* Resources */ = {
			isa = PBXResourcesBuildPhase;
			buildActionMask = 2147483647;
			files = (
			);
			runOnlyForDeploymentPostprocessing = 0;
		};
		5CB85DA71BFDE144007FE063 /* Resources */ = {
			isa = PBXResourcesBuildPhase;
			buildActionMask = 2147483647;
			files = (
			);
			runOnlyForDeploymentPostprocessing = 0;
		};
/* End PBXResourcesBuildPhase section */

/* Begin PBXSourcesBuildPhase section */
		5CB85D861BFDE144007FE063 /* Sources */ = {
			isa = PBXSourcesBuildPhase;
			buildActionMask = 2147483647;
			files = (
				5CB85D901BFDE144007FE063 /* ViewController.swift in Sources */,
				5CB85D8E1BFDE144007FE063 /* AppDelegate.swift in Sources */,
			);
			runOnlyForDeploymentPostprocessing = 0;
		};
		5CB85D9A1BFDE144007FE063 /* Sources */ = {
			isa = PBXSourcesBuildPhase;
			buildActionMask = 2147483647;
			files = (
				5CB85DA31BFDE144007FE063 /* Test3DLayerTests.swift in Sources */,
			);
			runOnlyForDeploymentPostprocessing = 0;
		};
		5CB85DA51BFDE144007FE063 /* Sources */ = {
			isa = PBXSourcesBuildPhase;
			buildActionMask = 2147483647;
			files = (
				5CB85DAE1BFDE144007FE063 /* Test3DLayerUITests.swift in Sources */,
			);
			runOnlyForDeploymentPostprocessing = 0;
		};
/* End PBXSourcesBuildPhase section */

/* Begin PBXTargetDependency section */
		5CB85DA01BFDE144007FE063 /* PBXTargetDependency */ = {
			isa = PBXTargetDependency;
			target = 5CB85D891BFDE144007FE063 /* Test3DLayer */;
			targetProxy = 5CB85D9F1BFDE144007FE063 /* PBXContainerItemProxy */;
		};
		5CB85DAB1BFDE144007FE063 /* PBXTargetDependency */ = {
			isa = PBXTargetDependency;
			target = 5CB85D891BFDE144007FE063 /* Test3DLayer */;
			targetProxy = 5CB85DAA1BFDE144007FE063 /* PBXContainerItemProxy */;
		};
/* End PBXTargetDependency section */

/* Begin PBXVariantGroup section */
		5CB85D911BFDE144007FE063 /* Main.storyboard */ = {
			isa = PBXVariantGroup;
			children = (
				5CB85D921BFDE144007FE063 /* Base */,
			);
			name = Main.storyboard;
			sourceTree = "<group>";
		};
		5CB85D961BFDE144007FE063 /* LaunchScreen.storyboard */ = {
			isa = PBXVariantGroup;
			children = (
				5CB85D971BFDE144007FE063 /* Base */,
			);
			name = LaunchScreen.storyboard;
			sourceTree = "<group>";
		};
/* End PBXVariantGroup section */

/* Begin XCBuildConfiguration section */
		5CB85DB01BFDE144007FE063 /* Debug */ = {
			isa = XCBuildConfiguration;
			buildSettings = {
				ALWAYS_SEARCH_USER_PATHS = NO;
				CLANG_CXX_LANGUAGE_STANDARD = "gnu++0x";
				CLANG_CXX_LIBRARY = "libc++";
				CLANG_ENABLE_MODULES = YES;
				CLANG_ENABLE_OBJC_ARC = YES;
				CLANG_WARN_BOOL_CONVERSION = YES;
				CLANG_WARN_CONSTANT_CONVERSION = YES;
				CLANG_WARN_DIRECT_OBJC_ISA_USAGE = YES_ERROR;
				CLANG_WARN_EMPTY_BODY = YES;
				CLANG_WARN_ENUM_CONVERSION = YES;
				CLANG_WARN_INT_CONVERSION = YES;
				CLANG_WARN_OBJC_ROOT_CLASS = YES_ERROR;
				CLANG_WARN_UNREACHABLE_CODE = YES;
				CLANG_WARN__DUPLICATE_METHOD_MATCH = YES;
				"CODE_SIGN_IDENTITY[sdk=iphoneos*]" = "iPhone Developer";
				COPY_PHASE_STRIP = NO;
				DEBUG_INFORMATION_FORMAT = dwarf;
				ENABLE_STRICT_OBJC_MSGSEND = YES;
				ENABLE_TESTABILITY = YES;
				GCC_C_LANGUAGE_STANDARD = gnu99;
				GCC_DYNAMIC_NO_PIC = NO;
				GCC_NO_COMMON_BLOCKS = YES;
				GCC_OPTIMIZATION_LEVEL = 0;
				GCC_PREPROCESSOR_DEFINITIONS = (
					"DEBUG=1",
					"$(inherited)",
				);
				GCC_WARN_64_TO_32_BIT_CONVERSION = YES;
				GCC_WARN_ABOUT_RETURN_TYPE = YES_ERROR;
				GCC_WARN_UNDECLARED_SELECTOR = YES;
				GCC_WARN_UNINITIALIZED_AUTOS = YES_AGGRESSIVE;
				GCC_WARN_UNUSED_FUNCTION = YES;
				GCC_WARN_UNUSED_VARIABLE = YES;
				IPHONEOS_DEPLOYMENT_TARGET = 9.1;
				MTL_ENABLE_DEBUG_INFO = YES;
				ONLY_ACTIVE_ARCH = YES;
				SDKROOT = iphoneos;
				SWIFT_OPTIMIZATION_LEVEL = "-Onone";
			};
			name = Debug;
		};
		5CB85DB11BFDE144007FE063 /* Release */ = {
			isa = XCBuildConfiguration;
			buildSettings = {
				ALWAYS_SEARCH_USER_PATHS = NO;
				CLANG_CXX_LANGUAGE_STANDARD = "gnu++0x";
				CLANG_CXX_LIBRARY = "libc++";
				CLANG_ENABLE_MODULES = YES;
				CLANG_ENABLE_OBJC_ARC = YES;
				CLANG_WARN_BOOL_CONVERSION = YES;
				CLANG_WARN_CONSTANT_CONVERSION = YES;
				CLANG_WARN_DIRECT_OBJC_ISA_USAGE = YES_ERROR;
				CLANG_WARN_EMPTY_BODY = YES;
				CLANG_WARN_ENUM_CONVERSION = YES;
				CLANG_WARN_INT_CONVERSION = YES;
				CLANG_WARN_OBJC_ROOT_CLASS = YES_ERROR;
				CLANG_WARN_UNREACHABLE_CODE = YES;
				CLANG_WARN__DUPLICATE_METHOD_MATCH = YES;
				"CODE_SIGN_IDENTITY[sdk=iphoneos*]" = "iPhone Developer";
				COPY_PHASE_STRIP = NO;
				DEBUG_INFORMATION_FORMAT = "dwarf-with-dsym";
				ENABLE_NS_ASSERTIONS = NO;
				ENABLE_STRICT_OBJC_MSGSEND = YES;
				GCC_C_LANGUAGE_STANDARD = gnu99;
				GCC_NO_COMMON_BLOCKS = YES;
				GCC_WARN_64_TO_32_BIT_CONVERSION = YES;
				GCC_WARN_ABOUT_RETURN_TYPE = YES_ERROR;
				GCC_WARN_UNDECLARED_SELECTOR = YES;
				GCC_WARN_UNINITIALIZED_AUTOS = YES_AGGRESSIVE;
				GCC_WARN_UNUSED_FUNCTION = YES;
				GCC_WARN_UNUSED_VARIABLE = YES;
				IPHONEOS_DEPLOYMENT_TARGET = 9.1;
				MTL_ENABLE_DEBUG_INFO = NO;
				SDKROOT = iphoneos;
				VALIDATE_PRODUCT = YES;
			};
			name = Release;
		};
		5CB85DB31BFDE144007FE063 /* Debug */ = {
			isa = XCBuildConfiguration;
			buildSettings = {
				ASSETCATALOG_COMPILER_APPICON_NAME = AppIcon;
				INFOPLIST_FILE = Test3DLayer/Info.plist;
				LD_RUNPATH_SEARCH_PATHS = "$(inherited) @executable_path/Frameworks";
				PRODUCT_BUNDLE_IDENTIFIER = cn.mxd.Test3DLayer;
				PRODUCT_NAME = "$(TARGET_NAME)";
			};
			name = Debug;
		};
		5CB85DB41BFDE144007FE063 /* Release */ = {
			isa = XCBuildConfiguration;
			buildSettings = {
				ASSETCATALOG_COMPILER_APPICON_NAME = AppIcon;
				INFOPLIST_FILE = Test3DLayer/Info.plist;
				LD_RUNPATH_SEARCH_PATHS = "$(inherited) @executable_path/Frameworks";
				PRODUCT_BUNDLE_IDENTIFIER = cn.mxd.Test3DLayer;
				PRODUCT_NAME = "$(TARGET_NAME)";
			};
			name = Release;
		};
		5CB85DB61BFDE144007FE063 /* Debug */ = {
			isa = XCBuildConfiguration;
			buildSettings = {
				BUNDLE_LOADER = "$(TEST_HOST)";
				INFOPLIST_FILE = Test3DLayerTests/Info.plist;
				LD_RUNPATH_SEARCH_PATHS = "$(inherited) @executable_path/Frameworks @loader_path/Frameworks";
				PRODUCT_BUNDLE_IDENTIFIER = cn.mxd.Test3DLayerTests;
				PRODUCT_NAME = "$(TARGET_NAME)";
				TEST_HOST = "$(BUILT_PRODUCTS_DIR)/Test3DLayer.app/Test3DLayer";
			};
			name = Debug;
		};
		5CB85DB71BFDE144007FE063 /* Release */ = {
			isa = XCBuildConfiguration;
			buildSettings = {
				BUNDLE_LOADER = "$(TEST_HOST)";
				INFOPLIST_FILE = Test3DLayerTests/Info.plist;
				LD_RUNPATH_SEARCH_PATHS = "$(inherited) @executable_path/Frameworks @loader_path/Frameworks";
				PRODUCT_BUNDLE_IDENTIFIER = cn.mxd.Test3DLayerTests;
				PRODUCT_NAME = "$(TARGET_NAME)";
				TEST_HOST = "$(BUILT_PRODUCTS_DIR)/Test3DLayer.app/Test3DLayer";
			};
			name = Release;
		};
		5CB85DB91BFDE144007FE063 /* Debug */ = {
			isa = XCBuildConfiguration;
			buildSettings = {
				INFOPLIST_FILE = Test3DLayerUITests/Info.plist;
				LD_RUNPATH_SEARCH_PATHS = "$(inherited) @executable_path/Frameworks @loader_path/Frameworks";
				PRODUCT_BUNDLE_IDENTIFIER = cn.mxd.Test3DLayerUITests;
				PRODUCT_NAME = "$(TARGET_NAME)";
				TEST_TARGET_NAME = Test3DLayer;
				USES_XCTRUNNER = YES;
			};
			name = Debug;
		};
		5CB85DBA1BFDE144007FE063 /* Release */ = {
			isa = XCBuildConfiguration;
			buildSettings = {
				INFOPLIST_FILE = Test3DLayerUITests/Info.plist;
				LD_RUNPATH_SEARCH_PATHS = "$(inherited) @executable_path/Frameworks @loader_path/Frameworks";
				PRODUCT_BUNDLE_IDENTIFIER = cn.mxd.Test3DLayerUITests;
				PRODUCT_NAME = "$(TARGET_NAME)";
				TEST_TARGET_NAME = Test3DLayer;
				USES_XCTRUNNER = YES;
			};
			name = Release;
		};
/* End XCBuildConfiguration section */

/* Begin XCConfigurationList section */
		5CB85D851BFDE144007FE063 /* Build configuration list for PBXProject "Test3DLayer" */ = {
			isa = XCConfigurationList;
			buildConfigurations = (
				5CB85DB01BFDE144007FE063 /* Debug */,
				5CB85DB11BFDE144007FE063 /* Release */,
			);
			defaultConfigurationIsVisible = 0;
			defaultConfigurationName = Release;
		};
		5CB85DB21BFDE144007FE063 /* Build configuration list for PBXNativeTarget "Test3DLayer" */ = {
			isa = XCConfigurationList;
			buildConfigurations = (
				5CB85DB31BFDE144007FE063 /* Debug */,
				5CB85DB41BFDE144007FE063 /* Release */,
			);
			defaultConfigurationIsVisible = 0;
		};
		5CB85DB51BFDE144007FE063 /* Build configuration list for PBXNativeTarget "Test3DLayerTests" */ = {
			isa = XCConfigurationList;
			buildConfigurations = (
				5CB85DB61BFDE144007FE063 /* Debug */,
				5CB85DB71BFDE144007FE063 /* Release */,
			);
			defaultConfigurationIsVisible = 0;
		};
		5CB85DB81BFDE144007FE063 /* Build configuration list for PBXNativeTarget "Test3DLayerUITests" */ = {
			isa = XCConfigurationList;
			buildConfigurations = (
				5CB85DB91BFDE144007FE063 /* Debug */,
				5CB85DBA1BFDE144007FE063 /* Release */,
			);
			defaultConfigurationIsVisible = 0;
		};
/* End XCConfigurationList section */
	};
	rootObject = 5CB85D821BFDE144007FE063 /* Project object */;
}
